Microsoft Visual Studio Solution File, Format Version 12.00
# Visual Studio Version 17
VisualStudioVersion = 17.5.2.0
MinimumVisualStudioVersion = 10.0.40219.1
Project("{FAE04EC0-301F-11D3-BF4B-00C04F79EFBC}") = "thread_server", "thread_server.csproj", "{A659FF8B-7774-C9FB-9560-9BD88828AB90}"
EndProject
Global
	GlobalSection(SolutionConfigurationPlatforms) = preSolution
		Debug|Any CPU = Debug|Any CPU
		Release|Any CPU = Release|Any CPU
	EndGlobalSection
	GlobalSection(ProjectConfigurationPlatforms) = postSolution
		{A659FF8B-7774-C9FB-9560-9BD88828AB90}.Debug|Any CPU.ActiveCfg = Debug|Any CPU
		{A659FF8B-7774-C9FB-9560-9BD88828AB90}.Debug|Any CPU.Build.0 = Debug|Any CPU
		{A659FF8B-7774-C9FB-9560-9BD88828AB90}.Release|Any CPU.ActiveCfg = Release|Any CPU
		{A659FF8B-7774-C9FB-9560-9BD88828AB90}.Release|Any CPU.Build.0 = Release|Any CPU
	EndGlobalSection
	GlobalSection(SolutionProperties) = preSolution
		HideSolutionNode = FALSE
	EndGlobalSection
	GlobalSection(ExtensibilityGlobals) = postSolution
		SolutionGuid = {8584CD61-9336-4411-A4F3-3B40031D040A}
	EndGlobalSection
EndGlobal
